<?xml version="1.0" encoding="utf-8"?>
<Project ToolsVersion="4.0" xmlns="http://schemas.microsoft.com/developer/msbuild/2003">
  <ItemGroup>
    <Filter Include="SimpleGL Headers">
      <UniqueIdentifier>{93995380-89BD-4b04-88EB-625FBE52EBFB}</UniqueIdentifier>
      <Extensions>h;hh;hpp;hxx;hm;inl;inc;ipp;xsd</Extensions>
    </Filter>
    <Filter Include="SimpleGL Source">
      <UniqueIdentifier>{4FC737F1-C7A5-4376-A066-2A32D752A2FF}</UniqueIdentifier>
      <Extensions>cpp;c;cc;cxx;def;odl;idl;hpj;bat;asm;asmx</Extensions>
    </Filter>
  </ItemGroup>
  <ItemGroup>
    <ClCompile Include="camera_SGL.cpp">
      <Filter>SimpleGL Source</Filter>
    </ClCompile>
    <ClCompile Include="color_SGL.cpp">
      <Filter>SimpleGL Source</Filter>
    </ClCompile>
    <ClCompile Include="msgbox_SGL.cpp">
      <Filter>SimpleGL Source</Filter>
    </ClCompile>
    <ClCompile Include="SimpleGL.cpp">
      <Filter>SimpleGL Source</Filter>
    </ClCompile>
    <ClCompile Include="vector_SGL.cpp">
      <Filter>SimpleGL Source</Filter>
    </ClCompile>
  </ItemGroup>
  <ItemGroup>
    <ClInclude Include="camera_SGL.h">
      <Filter>SimpleGL Headers</Filter>
    </ClInclude>
    <ClInclude Include="input_SGL.h">
      <Filter>SimpleGL Headers</Filter>
    </ClInclude>
    <ClInclude Include="msgbox_SGL.h">
      <Filter>SimpleGL Headers</Filter>
    </ClInclude>
    <ClInclude Include="SimpleGL.h">
      <Filter>SimpleGL Headers</Filter>
    </ClInclude>
    <ClInclude Include="vector_SGL.h">
      <Filter>SimpleGL Headers</Filter>
    </ClInclude>
    <ClInclude Include="color_SGL.h">
      <Filter>SimpleGL Headers</Filter>
    </ClInclude>
  </ItemGroup>
</Project>